{
    "_meta": {
        "hash": {
            "sha256": "a166821031f60007a08b6fec9ba3caa9dc601786a8eb3ed72bbd9342668d2b3d"
        },
        "pipfile-spec": 6,
        "requires": {
            "python_version": "3.6"
        },
        "sources": [
            {
                "name": "pypi",
                "url": "https://pypi.org/simple",
                "verify_ssl": true
            }
        ]
    },
    "default": {
        "astropy": {
            "hashes": [
                "sha256:16238ed9a6cd2d0bad0f6e0b61ada68abdd2cb3ca67ae570e4f67825b21b59d6",
                "sha256:c08cb42efeeefef5369502d1f06fc49d77c52ce44c94c90ece40403bc84bb454",
                "sha256:d33d3eb63aff0404d53c95f178fac4297f52c7e041f1d82cde691a72ca48ed74",
                "sha256:dea831dbd2b57c37909be46fb25bd5cfefefb1b7679f0d76782aa879e98014a1",
                "sha256:dff6aafea281c6d79413c7bdcfb87c8f96e63637fd9a3df67db359bdad29f6c1",
                "sha256:f5d37d20632ba74bd0b12a85179c12f64a9ea037ffc916d8a2de3be4f4656c76"
            ],
            "version": "==3.0.4"
        },
        "coverage": {
            "hashes": [
                "sha256:043d55226aec1d2baf4b2fcab5c204561ccf184a388096f41e396c1c092aff38",
                "sha256:10bfd0b80b01d0684f968abbe1186bc19962e07b4b7601bb43b175b617cf689d",
                "sha256:17e59864f19b3233032edb0566f26c25cc7f599503fb34d2645b5ce1fd6c2c3c",
                "sha256:2105ee183c51fed27e2b6801029b3903f5c2774c78e3f53bd920ca468d0f5679",
                "sha256:236505d15af6c7b7bfe2a9485db4b2bdea21d9239351483326184314418c79a8",
                "sha256:237284425271db4f30d458b355decf388ab20b05278bdf8dc9a65de0973726c6",
                "sha256:26d8eea4c840b73c61a1081d68bceb57b21a2d4f7afda6cac8ac38cb05226b00",
                "sha256:39a3740f7721155f4269aedf67b211101c07bd2111b334dfd69b807156ab15d9",
                "sha256:4bd0c42db8efc8a60965769796d43a5570906a870bc819f7388860aa72779d1b",
                "sha256:4dcddadea47ac30b696956bd18365cd3a86724821656601151e263b86d34798f",
                "sha256:51ea341289ac4456db946a25bd644f5635e5ae3793df262813cde875887d25c8",
                "sha256:5415cafb082dad78935b3045c2e5d8907f436d15ad24c3fdb8e1839e084e4961",
                "sha256:5631f1983074b33c35dbb84607f337b9d7e9808116d7f0f2cb7b9d6d4381d50e",
                "sha256:5e9249bc361cd22565fd98590a53fd25a3dd666b74791ed7237fa99de938bbed",
                "sha256:6a48746154f1331f28ef9e889c625b5b15a36cb86dd8021b4bdd1180a2186aa5",
                "sha256:71d376dbac64855ed693bc1ca121794570fe603e8783cdfa304ec6825d4e768f",
                "sha256:749ebd8a615337747592bd1523dfc4af7199b2bf6403b55f96c728668aeff91f",
                "sha256:8ec528b585b95234e9c0c31dcd0a89152d8ed82b4567aa62dbcb3e9a0600deee",
                "sha256:a1a9ccd879811437ca0307c914f136d6edb85bd0470e6d4966c6397927bcabd9",
                "sha256:abd956c334752776230b779537d911a5a12fcb69d8fd3fe332ae63a140301ae6",
                "sha256:ad18f836017f2e8881145795f483636564807aaed54223459915a0d4735300cf",
                "sha256:b07ac0b1533298ddbc54c9bf3464664895f22899fec027b8d6c8d3ac59023283",
                "sha256:d9385f1445e30e8e42b75a36a7899ea1fd0f5784233a626625d70f9b087de404",
                "sha256:db2d1fcd32dbeeb914b2660af1838e9c178b75173f95fd221b1f9410b5d3ef1d",
                "sha256:e1dec211147f1fd7cb7a0f9a96aeeca467a5af02d38911307b3b8c2324f9917e",
                "sha256:e96dffc1fa57bb8c1c238f3d989341a97302492d09cb11f77df031112621c35c",
                "sha256:ed4d97eb0ecdee29d0748acd84e6380729f78ce5ba0c7fe3401801634c25a1c5"
            ],
            "version": "==5.0a3"
        },
        "e1839a8": {
            "editable": true,
            "path": "."
        },
        "mysql-connector-python": {
            "hashes": [
                "sha256:35a8f77b90d40cbf5bbb87bcfae02d63ca0383833187142ead963b1ad95ee958",
                "sha256:364b97e225ddaab4438850e9c16495dba4c4ab0a995e7ad061bfb66c07489031",
                "sha256:605d55f280b3496cf3b12c7c3751e59e69f80cd4515b39c11ee5f79dae13e407",
                "sha256:6e90c766b9f144db8af3cac243e3f7b0e5f151ead6af017285d62f841e906b92",
                "sha256:874a7443829183351b6f28a6a22796a738278da7d6a2cfa1cffb5bc0ceea04dd",
                "sha256:95426961f4caa90960bf71776a1825e7facd9d3754511313d5c72401793addd6",
                "sha256:9dee3c249f169363330a9feeb5bf60392778dbcf81f57c5265b8e75e7a4e45d5",
                "sha256:a6f045807fb325369ff9520570a007952696889b6f97058b5ec820fb1462ba71",
                "sha256:ce817f306eb0db50f424dc8a3f00b57a9bb78c02dcc5beb7014810e3d19356ca",
                "sha256:d4ecde5a335697e240062f72ff4bcba1d51d04a8c73ea3ec69c46cde13e13082",
                "sha256:e0fcb069f2916994599f2648e4b9d433087ebe8dacf13cf4d0dea4c0149b9723",
                "sha256:eab88976e0cfe47a17ab625ea961ca53478788215cd000f31e22c1f3469685b4",
                "sha256:f59ed1ff1b7ffb8343fecb02412628245ec802dd7ecce06f6e9b6863170bfbd1",
                "sha256:f5f50d9a9e1690f541cb8c86be68dc62d5e5203ca85d8696807ef2df5e1c7fb1",
                "sha256:fe895a5db555a5a5f90a195119e042e2275029012a0ca2a1a085d49b7bb954c9"
            ],
            "version": "==8.0.12"
        },
        "numpy": {
            "hashes": [
                "sha256:032df9b6571c5f1d41ea6f6a189223208cb488990373aa686aca55570fcccb42",
                "sha256:094f8a83e5bd0a44a7557fa24a46db6ba7d5299c389ddbc9e0e18722f567fb63",
                "sha256:1c0c80e74759fa4942298044274f2c11b08c86230b25b8b819e55e644f5ff2b6",
                "sha256:2aa0910eaeb603b1a5598193cc3bc8eacf1baf6c95cbc3955eb8e15fa380c133",
                "sha256:2f5ebc7a04885c7d69e5daa05208faef4db7f1ae6a99f4d36962df8cd54cdc76",
                "sha256:32a07241cb624e104b88b08dea2851bf4ec5d65a1f599d7735041ced7171fd7a",
                "sha256:3c7959f750b54b445f14962a3ddc41b9eadbab00b86da55fbb1967b2b79aad10",
                "sha256:3d8f9273c763a139a99e65c2a3c10f1109df30bedae7f011b10d95c538364704",
                "sha256:63bca71691339d2d6f8a7c970821f2b12098a53afccc0190d4e1555e75e5223a",
                "sha256:7ae9c3baff3b989859c88e0168ad10902118595b996bf781eaf011bb72428798",
                "sha256:866a7c8774ccc7d603667fad95456b4cf56d79a2bb5a7648ac9f0082e0b9416e",
                "sha256:8bc4b92a273659e44ca3f3a2f8786cfa39d8302223bcfe7df794429c63d5f5a1",
                "sha256:919f65e0732195474897b1cafefb4d4e7c2bb8174a725e506b62e9096e4df28d",
                "sha256:9d1598573d310104acb90377f0a8c2319f737084689f5eb18012becaf345cda5",
                "sha256:9fff90c88bfaad2901be50453d5cd7897a826c1d901f0654ee1d73ab3a48cd18",
                "sha256:a245464ddf6d90e2d6287e9cef6bcfda2a99467fdcf1b677b99cd0b6c7b43de2",
                "sha256:a988db28f54e104a01e8573ceb6f28202b4c15635b1450b2e3b2b822c6564f9b",
                "sha256:b12fe6f31babb9477aa0f9692730654b3ee0e71f33b4568170dfafd439caf0a2",
                "sha256:b7599ff4acd23f5de983e3aec772153b1043e131487a5c6ad0f94b41a828877a",
                "sha256:c9f4dafd6065c4c782be84cd67ceeb9b1d4380af60a7af32be10ebecd723385e",
                "sha256:ce3622b73ccd844ba301c1aea65d36cf9d8331e7c25c16b1725d0f14db99aaf4",
                "sha256:d0f36a24cf8061a2c03e151be3418146717505b9b4ec17502fa3bbdb04ec1431",
                "sha256:d263f8f14f2da0c079c0297e829e550d8f2c4e0ffef215506bd1d0ddd2bff3de",
                "sha256:d8837ff272800668aabdfe70b966631914b0d6513aed4fc1b1428446f771834d",
                "sha256:ef694fe72a3995aa778a5095bda946e0d31f7efabd5e8063ad8c6238ab7d3f78",
                "sha256:f1fd1a6f40a501ba4035f5ed2c1f4faa68245d1407bf97d2ee401e4f23d1720b",
                "sha256:fa337b6bd5fe2b8c4e705f4102186feb9985de9bb8536d32d5129a658f1789e0",
                "sha256:febd31cd0d2fd2509ca2ec53cb339f8bf593c1bd245b9fc55c1917a68532a0af"
            ],
            "version": "==1.15.3"
        },
        "protobuf": {
            "hashes": [
                "sha256:10394a4d03af7060fa8a6e1cbf38cea44be1467053b0aea5bbfcb4b13c4b88c4",
                "sha256:1489b376b0f364bcc6f89519718c057eb191d7ad6f1b395ffd93d1aa45587811",
                "sha256:1931d8efce896981fe410c802fd66df14f9f429c32a72dd9cfeeac9815ec6444",
                "sha256:196d3a80f93c537f27d2a19a4fafb826fb4c331b0b99110f985119391d170f96",
                "sha256:46e34fdcc2b1f2620172d3a4885128705a4e658b9b62355ae5e98f9ea19f42c2",
                "sha256:4b92e235a3afd42e7493b281c8b80c0c65cbef45de30f43d571d1ee40a1f77ef",
                "sha256:574085a33ca0d2c67433e5f3e9a0965c487410d6cb3406c83bdaf549bfc2992e",
                "sha256:59cd75ded98094d3cf2d79e84cdb38a46e33e7441b2826f3838dcc7c07f82995",
                "sha256:5ee0522eed6680bb5bac5b6d738f7b0923b3cafce8c4b1a039a6107f0841d7ed",
                "sha256:65917cfd5da9dfc993d5684643063318a2e875f798047911a9dd71ca066641c9",
                "sha256:685bc4ec61a50f7360c9fd18e277b65db90105adbf9c79938bd315435e526b90",
                "sha256:92e8418976e52201364a3174e40dc31f5fd8c147186d72380cbda54e0464ee19",
                "sha256:9335f79d1940dfb9bcaf8ec881fb8ab47d7a2c721fb8b02949aab8bbf8b68625",
                "sha256:a7ee3bb6de78185e5411487bef8bc1c59ebd97e47713cba3c460ef44e99b3db9",
                "sha256:ceec283da2323e2431c49de58f80e1718986b79be59c266bb0509cbf90ca5b9e",
                "sha256:fcfc907746ec22716f05ea96b7f41597dfe1a1c088f861efb8a0d4f4196a6f10"
            ],
            "version": "==3.6.1"
        },
        "redis": {
            "hashes": [
                "sha256:8a1900a9f2a0a44ecf6e8b5eb3e967a9909dfed219ad66df094f27f7d6f330fb",
                "sha256:a22ca993cea2962dbb588f9f30d0015ac4afcc45bee27d3978c0dbe9e97c6c0f"
            ],
            "version": "==2.10.6"
        },
        "six": {
            "hashes": [
                "sha256:70e8a77beed4562e7f14fe23a786b54f6296e34344c23bc42f07b15018ff98e9",
                "sha256:832dc0e10feb1aa2c68dcc57dbb658f1c7e65b9b61af69048abc87a2db00a0eb"
            ],
            "version": "==1.11.0"
        }
    },
    "develop": {}
}
